// !$*UTF8*$!
{
	archiveVersion = 1;
	classes = {
	};
	objectVersion = 51;
	objects = {

/* Begin PBXBuildFile section */
		15DC4D482652BCCC00A33E53 /* NewsTableViewCell.swift in Sources */ = {isa = PBXBuildFile; fileRef = 15DC4D472652BCCC00A33E53 /* NewsTableViewCell.swift */; };
		15DC4D4A2652BF9B00A33E53 /* NewsListDataModel.swift in Sources */ = {isa = PBXBuildFile; fileRef = 15DC4D492652BF9B00A33E53 /* NewsListDataModel.swift */; };
		3CA94FC9DE95F096CDDC2A3F /* Pods_Be_Daangn_iOS.framework in Frameworks */ = {isa = PBXBuildFile; fileRef = 1349BF79383C99D3565071BD /* Pods_Be_Daangn_iOS.framework */; };
		BD5B3512264FA67B006BA829 /* AppDelegate.swift in Sources */ = {isa = PBXBuildFile; fileRef = BD5B3511264FA67B006BA829 /* AppDelegate.swift */; };
		BD5B3514264FA67B006BA829 /* SceneDelegate.swift in Sources */ = {isa = PBXBuildFile; fileRef = BD5B3513264FA67B006BA829 /* SceneDelegate.swift */; };
		BD5B351B264FA67C006BA829 /* Assets.xcassets in Resources */ = {isa = PBXBuildFile; fileRef = BD5B351A264FA67C006BA829 /* Assets.xcassets */; };
		BD5B351E264FA67C006BA829 /* LaunchScreen.storyboard in Resources */ = {isa = PBXBuildFile; fileRef = BD5B351C264FA67C006BA829 /* LaunchScreen.storyboard */; };
		BD5B3532264FA7FE006BA829 /* HomeStoryboard.storyboard in Resources */ = {isa = PBXBuildFile; fileRef = BD5B3531264FA7FE006BA829 /* HomeStoryboard.storyboard */; };
		BD5B3534264FA809006BA829 /* RecommendStoryboard.storyboard in Resources */ = {isa = PBXBuildFile; fileRef = BD5B3533264FA809006BA829 /* RecommendStoryboard.storyboard */; };
		BD5B3536264FA813006BA829 /* NewsStoryboard.storyboard in Resources */ = {isa = PBXBuildFile; fileRef = BD5B3535264FA813006BA829 /* NewsStoryboard.storyboard */; };
		BD5B3538264FA890006BA829 /* BaseViewController.swift in Sources */ = {isa = PBXBuildFile; fileRef = BD5B3537264FA890006BA829 /* BaseViewController.swift */; };
		BD5B353A264FA935006BA829 /* HomeViewController.swift in Sources */ = {isa = PBXBuildFile; fileRef = BD5B3539264FA935006BA829 /* HomeViewController.swift */; };
		BD5B353C264FA942006BA829 /* RecommendViewController.swift in Sources */ = {isa = PBXBuildFile; fileRef = BD5B353B264FA942006BA829 /* RecommendViewController.swift */; };
		BD5B353E264FA95C006BA829 /* NewsViewController.swift in Sources */ = {isa = PBXBuildFile; fileRef = BD5B353D264FA95C006BA829 /* NewsViewController.swift */; };
		BD5B3542264FACD5006BA829 /* Constants.swift in Sources */ = {isa = PBXBuildFile; fileRef = BD5B3541264FACD5006BA829 /* Constants.swift */; };
		BD5B3544264FAD5A006BA829 /* SecretKey.swift in Sources */ = {isa = PBXBuildFile; fileRef = BD5B3543264FAD5A006BA829 /* SecretKey.swift */; };
		BD5B3546264FADB3006BA829 /* Device.swift in Sources */ = {isa = PBXBuildFile; fileRef = BD5B3545264FADB3006BA829 /* Device.swift */; };
		BD5B3548264FADD0006BA829 /* UIButton.swift in Sources */ = {isa = PBXBuildFile; fileRef = BD5B3547264FADD0006BA829 /* UIButton.swift */; };
		BD5EF443265294C50025555C /* CornerButton.swift in Sources */ = {isa = PBXBuildFile; fileRef = BD5EF442265294C50025555C /* CornerButton.swift */; };
		BD5EF44826529CE00025555C /* RecommendStoreCVC.swift in Sources */ = {isa = PBXBuildFile; fileRef = BD5EF44626529CE00025555C /* RecommendStoreCVC.swift */; };
		BD5EF44926529CE00025555C /* RecommendStoreCVC.xib in Resources */ = {isa = PBXBuildFile; fileRef = BD5EF44726529CE00025555C /* RecommendStoreCVC.xib */; };
		BD5EF44B2652A4030025555C /* RecommendStoreDataModel.swift in Sources */ = {isa = PBXBuildFile; fileRef = BD5EF44A2652A4030025555C /* RecommendStoreDataModel.swift */; };
		BD9F52A326522E23008E766E /* NotoSans-Bold.ttf in Resources */ = {isa = PBXBuildFile; fileRef = BD9F52A126522E23008E766E /* NotoSans-Bold.ttf */; };
		BD9F52A426522E23008E766E /* NotoSans-ExtraBold.ttf in Resources */ = {isa = PBXBuildFile; fileRef = BD9F52A226522E23008E766E /* NotoSans-ExtraBold.ttf */; };
		BD9F52A626522E8E008E766E /* UIFont+.swift in Sources */ = {isa = PBXBuildFile; fileRef = BD9F52A526522E8E008E766E /* UIFont+.swift */; };
		BDA893B7264FF51100903D2C /* UIView+.swift in Sources */ = {isa = PBXBuildFile; fileRef = BDA893B6264FF51100903D2C /* UIView+.swift */; };
		BDFF52E4264FBAF6000DDF06 /* UIColor.swift in Sources */ = {isa = PBXBuildFile; fileRef = BDFF52E3264FBAF6000DDF06 /* UIColor.swift */; };
/* End PBXBuildFile section */

/* Begin PBXFileReference section */
		1349BF79383C99D3565071BD /* Pods_Be_Daangn_iOS.framework */ = {isa = PBXFileReference; explicitFileType = wrapper.framework; includeInIndex = 0; path = Pods_Be_Daangn_iOS.framework; sourceTree = BUILT_PRODUCTS_DIR; };
		15DC4D472652BCCC00A33E53 /* NewsTableViewCell.swift */ = {isa = PBXFileReference; lastKnownFileType = sourcecode.swift; path = NewsTableViewCell.swift; sourceTree = "<group>"; };
		15DC4D492652BF9B00A33E53 /* NewsListDataModel.swift */ = {isa = PBXFileReference; lastKnownFileType = sourcecode.swift; path = NewsListDataModel.swift; sourceTree = "<group>"; };
		ADC8376A8087CF3F0A40939D /* Pods-Be-Daangn-iOS.release.xcconfig */ = {isa = PBXFileReference; includeInIndex = 1; lastKnownFileType = text.xcconfig; name = "Pods-Be-Daangn-iOS.release.xcconfig"; path = "Target Support Files/Pods-Be-Daangn-iOS/Pods-Be-Daangn-iOS.release.xcconfig"; sourceTree = "<group>"; };
		BD5B350E264FA67B006BA829 /* Be-Daangn-iOS.app */ = {isa = PBXFileReference; explicitFileType = wrapper.application; includeInIndex = 0; path = "Be-Daangn-iOS.app"; sourceTree = BUILT_PRODUCTS_DIR; };
		BD5B3511264FA67B006BA829 /* AppDelegate.swift */ = {isa = PBXFileReference; lastKnownFileType = sourcecode.swift; path = AppDelegate.swift; sourceTree = "<group>"; };
		BD5B3513264FA67B006BA829 /* SceneDelegate.swift */ = {isa = PBXFileReference; lastKnownFileType = sourcecode.swift; path = SceneDelegate.swift; sourceTree = "<group>"; };
		BD5B351A264FA67C006BA829 /* Assets.xcassets */ = {isa = PBXFileReference; lastKnownFileType = folder.assetcatalog; path = Assets.xcassets; sourceTree = "<group>"; };
		BD5B351D264FA67C006BA829 /* Base */ = {isa = PBXFileReference; lastKnownFileType = file.storyboard; name = Base; path = Base.lproj/LaunchScreen.storyboard; sourceTree = "<group>"; };
		BD5B351F264FA67C006BA829 /* Info.plist */ = {isa = PBXFileReference; lastKnownFileType = text.plist.xml; path = Info.plist; sourceTree = "<group>"; };
		BD5B3531264FA7FE006BA829 /* HomeStoryboard.storyboard */ = {isa = PBXFileReference; lastKnownFileType = file.storyboard; path = HomeStoryboard.storyboard; sourceTree = "<group>"; };
		BD5B3533264FA809006BA829 /* RecommendStoryboard.storyboard */ = {isa = PBXFileReference; lastKnownFileType = file.storyboard; path = RecommendStoryboard.storyboard; sourceTree = "<group>"; };
		BD5B3535264FA813006BA829 /* NewsStoryboard.storyboard */ = {isa = PBXFileReference; lastKnownFileType = file.storyboard; path = NewsStoryboard.storyboard; sourceTree = "<group>"; };
		BD5B3537264FA890006BA829 /* BaseViewController.swift */ = {isa = PBXFileReference; lastKnownFileType = sourcecode.swift; path = BaseViewController.swift; sourceTree = "<group>"; };
		BD5B3539264FA935006BA829 /* HomeViewController.swift */ = {isa = PBXFileReference; lastKnownFileType = sourcecode.swift; path = HomeViewController.swift; sourceTree = "<group>"; };
		BD5B353B264FA942006BA829 /* RecommendViewController.swift */ = {isa = PBXFileReference; lastKnownFileType = sourcecode.swift; path = RecommendViewController.swift; sourceTree = "<group>"; };
		BD5B353D264FA95C006BA829 /* NewsViewController.swift */ = {isa = PBXFileReference; lastKnownFileType = sourcecode.swift; path = NewsViewController.swift; sourceTree = "<group>"; };
		BD5B3541264FACD5006BA829 /* Constants.swift */ = {isa = PBXFileReference; lastKnownFileType = sourcecode.swift; path = Constants.swift; sourceTree = "<group>"; };
		BD5B3543264FAD5A006BA829 /* SecretKey.swift */ = {isa = PBXFileReference; lastKnownFileType = sourcecode.swift; path = SecretKey.swift; sourceTree = "<group>"; };
		BD5B3545264FADB3006BA829 /* Device.swift */ = {isa = PBXFileReference; lastKnownFileType = sourcecode.swift; path = Device.swift; sourceTree = "<group>"; };
		BD5B3547264FADD0006BA829 /* UIButton.swift */ = {isa = PBXFileReference; lastKnownFileType = sourcecode.swift; path = UIButton.swift; sourceTree = "<group>"; };
		BD5EF442265294C50025555C /* CornerButton.swift */ = {isa = PBXFileReference; lastKnownFileType = sourcecode.swift; path = CornerButton.swift; sourceTree = "<group>"; };
		BD5EF44626529CE00025555C /* RecommendStoreCVC.swift */ = {isa = PBXFileReference; lastKnownFileType = sourcecode.swift; path = RecommendStoreCVC.swift; sourceTree = "<group>"; };
		BD5EF44726529CE00025555C /* RecommendStoreCVC.xib */ = {isa = PBXFileReference; lastKnownFileType = file.xib; path = RecommendStoreCVC.xib; sourceTree = "<group>"; };
		BD5EF44A2652A4030025555C /* RecommendStoreDataModel.swift */ = {isa = PBXFileReference; lastKnownFileType = sourcecode.swift; path = RecommendStoreDataModel.swift; sourceTree = "<group>"; };
		BD9F52A126522E23008E766E /* NotoSans-Bold.ttf */ = {isa = PBXFileReference; lastKnownFileType = file; path = "NotoSans-Bold.ttf"; sourceTree = "<group>"; };
		BD9F52A226522E23008E766E /* NotoSans-ExtraBold.ttf */ = {isa = PBXFileReference; lastKnownFileType = file; path = "NotoSans-ExtraBold.ttf"; sourceTree = "<group>"; };
		BD9F52A526522E8E008E766E /* UIFont+.swift */ = {isa = PBXFileReference; lastKnownFileType = sourcecode.swift; path = "UIFont+.swift"; sourceTree = "<group>"; };
		BDA893B6264FF51100903D2C /* UIView+.swift */ = {isa = PBXFileReference; lastKnownFileType = sourcecode.swift; path = "UIView+.swift"; sourceTree = "<group>"; };
		BDFF52E3264FBAF6000DDF06 /* UIColor.swift */ = {isa = PBXFileReference; lastKnownFileType = sourcecode.swift; path = UIColor.swift; sourceTree = "<group>"; };
		EDD9106862F850D8EFB89FD5 /* Pods-Be-Daangn-iOS.debug.xcconfig */ = {isa = PBXFileReference; includeInIndex = 1; lastKnownFileType = text.xcconfig; name = "Pods-Be-Daangn-iOS.debug.xcconfig"; path = "Target Support Files/Pods-Be-Daangn-iOS/Pods-Be-Daangn-iOS.debug.xcconfig"; sourceTree = "<group>"; };
/* End PBXFileReference section */

/* Begin PBXFrameworksBuildPhase section */
		BD5B350B264FA67B006BA829 /* Frameworks */ = {
			isa = PBXFrameworksBuildPhase;
			buildActionMask = 2147483647;
			files = (
				3CA94FC9DE95F096CDDC2A3F /* Pods_Be_Daangn_iOS.framework in Frameworks */,
			);
			runOnlyForDeploymentPostprocessing = 0;
		};
/* End PBXFrameworksBuildPhase section */

/* Begin PBXGroup section */
		8594E437613548A1BAF990D1 /* Pods */ = {
			isa = PBXGroup;
			children = (
				EDD9106862F850D8EFB89FD5 /* Pods-Be-Daangn-iOS.debug.xcconfig */,
				ADC8376A8087CF3F0A40939D /* Pods-Be-Daangn-iOS.release.xcconfig */,
			);
			path = Pods;
			sourceTree = "<group>";
		};
		A7BB544A4D9E1F78DE9E3A75 /* Frameworks */ = {
			isa = PBXGroup;
			children = (
				1349BF79383C99D3565071BD /* Pods_Be_Daangn_iOS.framework */,
			);
			name = Frameworks;
			sourceTree = "<group>";
		};
		BD5B3505264FA67B006BA829 = {
			isa = PBXGroup;
			children = (
				BD5B3510264FA67B006BA829 /* Be-Daangn-iOS */,
				BD5B350F264FA67B006BA829 /* Products */,
				8594E437613548A1BAF990D1 /* Pods */,
				A7BB544A4D9E1F78DE9E3A75 /* Frameworks */,
			);
			sourceTree = "<group>";
		};
		BD5B350F264FA67B006BA829 /* Products */ = {
			isa = PBXGroup;
			children = (
				BD5B350E264FA67B006BA829 /* Be-Daangn-iOS.app */,
			);
			name = Products;
			sourceTree = "<group>";
		};
		BD5B3510264FA67B006BA829 /* Be-Daangn-iOS */ = {
			isa = PBXGroup;
			children = (
				BD5B3525264FA6A3006BA829 /* Configuration */,
				BD5B3526264FA6BF006BA829 /* Sources */,
				BD5B3511264FA67B006BA829 /* AppDelegate.swift */,
				BD5B3513264FA67B006BA829 /* SceneDelegate.swift */,
				BD5B351A264FA67C006BA829 /* Assets.xcassets */,
				BD5B351C264FA67C006BA829 /* LaunchScreen.storyboard */,
				BD5B351F264FA67C006BA829 /* Info.plist */,
			);
			path = "Be-Daangn-iOS";
			sourceTree = "<group>";
		};
		BD5B3525264FA6A3006BA829 /* Configuration */ = {
			isa = PBXGroup;
			children = (
				BD5B3541264FACD5006BA829 /* Constants.swift */,
				BD9F52A026522DB5008E766E /* Font */,
				BDA893B0264FF32C00903D2C /* Base */,
				BDA893AD264FF2F800903D2C /* Extension */,
				BDA893AB264FF2E200903D2C /* Secret */,
				BDA893AA264FF2D300903D2C /* CommonClass */,
			);
			path = Configuration;
			sourceTree = "<group>";
		};
		BD5B3526264FA6BF006BA829 /* Sources */ = {
			isa = PBXGroup;
			children = (
				BD5B352E264FA75E006BA829 /* Home */,
				BD5B352F264FA765006BA829 /* Recommend */,
				BD5B3530264FA775006BA829 /* News */,
			);
			path = Sources;
			sourceTree = "<group>";
		};
		BD5B352E264FA75E006BA829 /* Home */ = {
			isa = PBXGroup;
			children = (
				BD5B3531264FA7FE006BA829 /* HomeStoryboard.storyboard */,
				BD5B3539264FA935006BA829 /* HomeViewController.swift */,
				BDA893B1264FF37E00903D2C /* Cell */,
				BDA893BA264FF59000903D2C /* Service */,
				BDA893BB264FF59B00903D2C /* Model */,
			);
			path = Home;
			sourceTree = "<group>";
		};
		BD5B352F264FA765006BA829 /* Recommend */ = {
			isa = PBXGroup;
			children = (
				BD5B3533264FA809006BA829 /* RecommendStoryboard.storyboard */,
				BD5B353B264FA942006BA829 /* RecommendViewController.swift */,
				BDA893B2264FF38500903D2C /* Cell */,
				BDA893B9264FF58200903D2C /* Service */,
				BDA893B8264FF57100903D2C /* Model */,
			);
			path = Recommend;
			sourceTree = "<group>";
		};
		BD5B3530264FA775006BA829 /* News */ = {
			isa = PBXGroup;
			children = (
				BD5B3535264FA813006BA829 /* NewsStoryboard.storyboard */,
				BD5B353D264FA95C006BA829 /* NewsViewController.swift */,
				BDA893B3264FF38A00903D2C /* Cell */,
				BDA893BC264FF5AE00903D2C /* Service */,
				BDA893BD264FF5B600903D2C /* Model */,
			);
			path = News;
			sourceTree = "<group>";
		};
		BD9F52A026522DB5008E766E /* Font */ = {
			isa = PBXGroup;
			children = (
				BD9F52A126522E23008E766E /* NotoSans-Bold.ttf */,
				BD9F52A226522E23008E766E /* NotoSans-ExtraBold.ttf */,
			);
			path = Font;
			sourceTree = "<group>";
		};
		BDA893AA264FF2D300903D2C /* CommonClass */ = {
			isa = PBXGroup;
			children = (
				BD5B3545264FADB3006BA829 /* Device.swift */,
				BD5EF442265294C50025555C /* CornerButton.swift */,
			);
			path = CommonClass;
			sourceTree = "<group>";
		};
		BDA893AB264FF2E200903D2C /* Secret */ = {
			isa = PBXGroup;
			children = (
				BD5B3543264FAD5A006BA829 /* SecretKey.swift */,
			);
			path = Secret;
			sourceTree = "<group>";
		};
		BDA893AD264FF2F800903D2C /* Extension */ = {
			isa = PBXGroup;
			children = (
				BD5B3547264FADD0006BA829 /* UIButton.swift */,
				BDFF52E3264FBAF6000DDF06 /* UIColor.swift */,
				BDA893B6264FF51100903D2C /* UIView+.swift */,
				BD9F52A526522E8E008E766E /* UIFont+.swift */,
			);
			path = Extension;
			sourceTree = "<group>";
		};
		BDA893B0264FF32C00903D2C /* Base */ = {
			isa = PBXGroup;
			children = (
				BD5B3537264FA890006BA829 /* BaseViewController.swift */,
			);
			path = Base;
			sourceTree = "<group>";
		};
		BDA893B1264FF37E00903D2C /* Cell */ = {
			isa = PBXGroup;
			children = (
			);
			path = Cell;
			sourceTree = "<group>";
		};
		BDA893B2264FF38500903D2C /* Cell */ = {
			isa = PBXGroup;
			children = (
				BD5EF44626529CE00025555C /* RecommendStoreCVC.swift */,
				BD5EF44726529CE00025555C /* RecommendStoreCVC.xib */,
			);
			path = Cell;
			sourceTree = "<group>";
		};
		BDA893B3264FF38A00903D2C /* Cell */ = {
			isa = PBXGroup;
			children = (
				15DC4D472652BCCC00A33E53 /* NewsTableViewCell.swift */,
			);
			path = Cell;
			sourceTree = "<group>";
		};
		BDA893B8264FF57100903D2C /* Model */ = {
			isa = PBXGroup;
			children = (
				BD5EF44A2652A4030025555C /* RecommendStoreDataModel.swift */,
			);
			path = Model;
			sourceTree = "<group>";
		};
		BDA893B9264FF58200903D2C /* Service */ = {
			isa = PBXGroup;
			children = (
			);
			path = Service;
			sourceTree = "<group>";
		};
		BDA893BA264FF59000903D2C /* Service */ = {
			isa = PBXGroup;
			children = (
			);
			path = Service;
			sourceTree = "<group>";
		};
		BDA893BB264FF59B00903D2C /* Model */ = {
			isa = PBXGroup;
			children = (
			);
			path = Model;
			sourceTree = "<group>";
		};
		BDA893BC264FF5AE00903D2C /* Service */ = {
			isa = PBXGroup;
			children = (
			);
			path = Service;
			sourceTree = "<group>";
		};
		BDA893BD264FF5B600903D2C /* Model */ = {
			isa = PBXGroup;
			children = (
				15DC4D492652BF9B00A33E53 /* NewsListDataModel.swift */,
			);
			path = Model;
			sourceTree = "<group>";
		};
/* End PBXGroup section */

/* Begin PBXNativeTarget section */
		BD5B350D264FA67B006BA829 /* Be-Daangn-iOS */ = {
			isa = PBXNativeTarget;
			buildConfigurationList = BD5B3522264FA67C006BA829 /* Build configuration list for PBXNativeTarget "Be-Daangn-iOS" */;
			buildPhases = (
				9FC4DEA5DFC9A5C82EFEE355 /* [CP] Check Pods Manifest.lock */,
				BD5B350A264FA67B006BA829 /* Sources */,
				BD5B350B264FA67B006BA829 /* Frameworks */,
				BD5B350C264FA67B006BA829 /* Resources */,
				5F2B8313B535D8A7D3E02F6E /* [CP] Embed Pods Frameworks */,
			);
			buildRules = (
			);
			dependencies = (
			);
			name = "Be-Daangn-iOS";
			productName = "Be-Daangn-iOS";
			productReference = BD5B350E264FA67B006BA829 /* Be-Daangn-iOS.app */;
			productType = "com.apple.product-type.application";
		};
/* End PBXNativeTarget section */

/* Begin PBXProject section */
		BD5B3506264FA67B006BA829 /* Project object */ = {
			isa = PBXProject;
			attributes = {
				LastSwiftUpdateCheck = 1250;
				LastUpgradeCheck = 1250;
				TargetAttributes = {
					BD5B350D264FA67B006BA829 = {
						CreatedOnToolsVersion = 12.5;
					};
				};
			};
			buildConfigurationList = BD5B3509264FA67B006BA829 /* Build configuration list for PBXProject "Be-Daangn-iOS" */;
			compatibilityVersion = "Xcode 9.3";
			developmentRegion = en;
			hasScannedForEncodings = 0;
			knownRegions = (
				en,
				Base,
			);
			mainGroup = BD5B3505264FA67B006BA829;
			productRefGroup = BD5B350F264FA67B006BA829 /* Products */;
			projectDirPath = "";
			projectRoot = "";
			targets = (
				BD5B350D264FA67B006BA829 /* Be-Daangn-iOS */,
			);
		};
/* End PBXProject section */

/* Begin PBXResourcesBuildPhase section */
		BD5B350C264FA67B006BA829 /* Resources */ = {
			isa = PBXResourcesBuildPhase;
			buildActionMask = 2147483647;
			files = (
				BD9F52A426522E23008E766E /* NotoSans-ExtraBold.ttf in Resources */,
				BD5EF44926529CE00025555C /* RecommendStoreCVC.xib in Resources */,
				BD9F52A326522E23008E766E /* NotoSans-Bold.ttf in Resources */,
				BD5B3536264FA813006BA829 /* NewsStoryboard.storyboard in Resources */,
				BD5B351E264FA67C006BA829 /* LaunchScreen.storyboard in Resources */,
				BD5B351B264FA67C006BA829 /* Assets.xcassets in Resources */,
				BD5B3532264FA7FE006BA829 /* HomeStoryboard.storyboard in Resources */,
				BD5B3534264FA809006BA829 /* RecommendStoryboard.storyboard in Resources */,
			);
			runOnlyForDeploymentPostprocessing = 0;
		};
/* End PBXResourcesBuildPhase section */

/* Begin PBXShellScriptBuildPhase section */
		5F2B8313B535D8A7D3E02F6E /* [CP] Embed Pods Frameworks */ = {
			isa = PBXShellScriptBuildPhase;
			buildActionMask = 2147483647;
			files = (
			);
			inputFileListPaths = (
				"${PODS_ROOT}/Target Support Files/Pods-Be-Daangn-iOS/Pods-Be-Daangn-iOS-frameworks-${CONFIGURATION}-input-files.xcfilelist",
			);
			name = "[CP] Embed Pods Frameworks";
			outputFileListPaths = (
				"${PODS_ROOT}/Target Support Files/Pods-Be-Daangn-iOS/Pods-Be-Daangn-iOS-frameworks-${CONFIGURATION}-output-files.xcfilelist",
			);
			runOnlyForDeploymentPostprocessing = 0;
			shellPath = /bin/sh;
			shellScript = "\"${PODS_ROOT}/Target Support Files/Pods-Be-Daangn-iOS/Pods-Be-Daangn-iOS-frameworks.sh\"\n";
			showEnvVarsInLog = 0;
		};
		9FC4DEA5DFC9A5C82EFEE355 /* [CP] Check Pods Manifest.lock */ = {
			isa = PBXShellScriptBuildPhase;
			buildActionMask = 2147483647;
			files = (
			);
			inputFileListPaths = (
			);
			inputPaths = (
				"${PODS_PODFILE_DIR_PATH}/Podfile.lock",
				"${PODS_ROOT}/Manifest.lock",
			);
			name = "[CP] Check Pods Manifest.lock";
			outputFileListPaths = (
			);
			outputPaths = (
				"$(DERIVED_FILE_DIR)/Pods-Be-Daangn-iOS-checkManifestLockResult.txt",
			);
			runOnlyForDeploymentPostprocessing = 0;
			shellPath = /bin/sh;
			shellScript = "diff \"${PODS_PODFILE_DIR_PATH}/Podfile.lock\" \"${PODS_ROOT}/Manifest.lock\" > /dev/null\nif [ $? != 0 ] ; then\n    # print error to STDERR\n    echo \"error: The sandbox is not in sync with the Podfile.lock. Run 'pod install' or update your CocoaPods installation.\" >&2\n    exit 1\nfi\n# This output is used by Xcode 'outputs' to avoid re-running this script phase.\necho \"SUCCESS\" > \"${SCRIPT_OUTPUT_FILE_0}\"\n";
			showEnvVarsInLog = 0;
		};
/* End PBXShellScriptBuildPhase section */

/* Begin PBXSourcesBuildPhase section */
		BD5B350A264FA67B006BA829 /* Sources */ = {
			isa = PBXSourcesBuildPhase;
			buildActionMask = 2147483647;
			files = (
				BD5EF443265294C50025555C /* CornerButton.swift in Sources */,
				BD9F52A626522E8E008E766E /* UIFont+.swift in Sources */,
				BDA893B7264FF51100903D2C /* UIView+.swift in Sources */,
				BD5B3512264FA67B006BA829 /* AppDelegate.swift in Sources */,
				15DC4D4A2652BF9B00A33E53 /* NewsListDataModel.swift in Sources */,
				BD5B3544264FAD5A006BA829 /* SecretKey.swift in Sources */,
				BD5B3514264FA67B006BA829 /* SceneDelegate.swift in Sources */,
				BD5B3546264FADB3006BA829 /* Device.swift in Sources */,
				BD5B3538264FA890006BA829 /* BaseViewController.swift in Sources */,
				BD5B3548264FADD0006BA829 /* UIButton.swift in Sources */,
				BD5B353E264FA95C006BA829 /* NewsViewController.swift in Sources */,
				BD5EF44B2652A4030025555C /* RecommendStoreDataModel.swift in Sources */,
				BDFF52E4264FBAF6000DDF06 /* UIColor.swift in Sources */,
				BD5B3542264FACD5006BA829 /* Constants.swift in Sources */,
				BD5B353A264FA935006BA829 /* HomeViewController.swift in Sources */,
				15DC4D482652BCCC00A33E53 /* NewsTableViewCell.swift in Sources */,
				BD5EF44826529CE00025555C /* RecommendStoreCVC.swift in Sources */,
				BD5B353C264FA942006BA829 /* RecommendViewController.swift in Sources */,
			);
			runOnlyForDeploymentPostprocessing = 0;
		};
/* End PBXSourcesBuildPhase section */

/* Begin PBXVariantGroup section */
		BD5B351C264FA67C006BA829 /* LaunchScreen.storyboard */ = {
			isa = PBXVariantGroup;
			children = (
				BD5B351D264FA67C006BA829 /* Base */,
			);
			name = LaunchScreen.storyboard;
			sourceTree = "<group>";
		};
/* End PBXVariantGroup section */

/* Begin XCBuildConfiguration section */
		BD5B3520264FA67C006BA829 /* Debug */ = {
			isa = XCBuildConfiguration;
			buildSettings = {
				ALWAYS_SEARCH_USER_PATHS = NO;
				CLANG_ANALYZER_NONNULL = YES;
				CLANG_ANALYZER_NUMBER_OBJECT_CONVERSION = YES_AGGRESSIVE;
				CLANG_CXX_LANGUAGE_STANDARD = "gnu++14";
				CLANG_CXX_LIBRARY = "libc++";
				CLANG_ENABLE_MODULES = YES;
				CLANG_ENABLE_OBJC_ARC = YES;
				CLANG_ENABLE_OBJC_WEAK = YES;
				CLANG_WARN_BLOCK_CAPTURE_AUTORELEASING = YES;
				CLANG_WARN_BOOL_CONVERSION = YES;
				CLANG_WARN_COMMA = YES;
				CLANG_WARN_CONSTANT_CONVERSION = YES;
				CLANG_WARN_DEPRECATED_OBJC_IMPLEMENTATIONS = YES;
				CLANG_WARN_DIRECT_OBJC_ISA_USAGE = YES_ERROR;
				CLANG_WARN_DOCUMENTATION_COMMENTS = YES;
				CLANG_WARN_EMPTY_BODY = YES;
				CLANG_WARN_ENUM_CONVERSION = YES;
				CLANG_WARN_INFINITE_RECURSION = YES;
				CLANG_WARN_INT_CONVERSION = YES;
				CLANG_WARN_NON_LITERAL_NULL_CONVERSION = YES;
				CLANG_WARN_OBJC_IMPLICIT_RETAIN_SELF = YES;
				CLANG_WARN_OBJC_LITERAL_CONVERSION = YES;
				CLANG_WARN_OBJC_ROOT_CLASS = YES_ERROR;
				CLANG_WARN_QUOTED_INCLUDE_IN_FRAMEWORK_HEADER = YES;
				CLANG_WARN_RANGE_LOOP_ANALYSIS = YES;
				CLANG_WARN_STRICT_PROTOTYPES = YES;
				CLANG_WARN_SUSPICIOUS_MOVE = YES;
				CLANG_WARN_UNGUARDED_AVAILABILITY = YES_AGGRESSIVE;
				CLANG_WARN_UNREACHABLE_CODE = YES;
				CLANG_WARN__DUPLICATE_METHOD_MATCH = YES;
				COPY_PHASE_STRIP = NO;
				DEBUG_INFORMATION_FORMAT = dwarf;
				ENABLE_STRICT_OBJC_MSGSEND = YES;
				ENABLE_TESTABILITY = YES;
				GCC_C_LANGUAGE_STANDARD = gnu11;
				GCC_DYNAMIC_NO_PIC = NO;
				GCC_NO_COMMON_BLOCKS = YES;
				GCC_OPTIMIZATION_LEVEL = 0;
				GCC_PREPROCESSOR_DEFINITIONS = (
					"DEBUG=1",
					"$(inherited)",
				);
				GCC_WARN_64_TO_32_BIT_CONVERSION = YES;
				GCC_WARN_ABOUT_RETURN_TYPE = YES_ERROR;
				GCC_WARN_UNDECLARED_SELECTOR = YES;
				GCC_WARN_UNINITIALIZED_AUTOS = YES_AGGRESSIVE;
				GCC_WARN_UNUSED_FUNCTION = YES;
				GCC_WARN_UNUSED_VARIABLE = YES;
				IPHONEOS_DEPLOYMENT_TARGET = 14.5;
				MTL_ENABLE_DEBUG_INFO = INCLUDE_SOURCE;
				MTL_FAST_MATH = YES;
				ONLY_ACTIVE_ARCH = YES;
				SDKROOT = iphoneos;
				SWIFT_ACTIVE_COMPILATION_CONDITIONS = DEBUG;
				SWIFT_OPTIMIZATION_LEVEL = "-Onone";
			};
			name = Debug;
		};
		BD5B3521264FA67C006BA829 /* Release */ = {
			isa = XCBuildConfiguration;
			buildSettings = {
				ALWAYS_SEARCH_USER_PATHS = NO;
				CLANG_ANALYZER_NONNULL = YES;
				CLANG_ANALYZER_NUMBER_OBJECT_CONVERSION = YES_AGGRESSIVE;
				CLANG_CXX_LANGUAGE_STANDARD = "gnu++14";
				CLANG_CXX_LIBRARY = "libc++";
				CLANG_ENABLE_MODULES = YES;
				CLANG_ENABLE_OBJC_ARC = YES;
				CLANG_ENABLE_OBJC_WEAK = YES;
				CLANG_WARN_BLOCK_CAPTURE_AUTORELEASING = YES;
				CLANG_WARN_BOOL_CONVERSION = YES;
				CLANG_WARN_COMMA = YES;
				CLANG_WARN_CONSTANT_CONVERSION = YES;
				CLANG_WARN_DEPRECATED_OBJC_IMPLEMENTATIONS = YES;
				CLANG_WARN_DIRECT_OBJC_ISA_USAGE = YES_ERROR;
				CLANG_WARN_DOCUMENTATION_COMMENTS = YES;
				CLANG_WARN_EMPTY_BODY = YES;
				CLANG_WARN_ENUM_CONVERSION = YES;
				CLANG_WARN_INFINITE_RECURSION = YES;
				CLANG_WARN_INT_CONVERSION = YES;
				CLANG_WARN_NON_LITERAL_NULL_CONVERSION = YES;
				CLANG_WARN_OBJC_IMPLICIT_RETAIN_SELF = YES;
				CLANG_WARN_OBJC_LITERAL_CONVERSION = YES;
				CLANG_WARN_OBJC_ROOT_CLASS = YES_ERROR;
				CLANG_WARN_QUOTED_INCLUDE_IN_FRAMEWORK_HEADER = YES;
				CLANG_WARN_RANGE_LOOP_ANALYSIS = YES;
				CLANG_WARN_STRICT_PROTOTYPES = YES;
				CLANG_WARN_SUSPICIOUS_MOVE = YES;
				CLANG_WARN_UNGUARDED_AVAILABILITY = YES_AGGRESSIVE;
				CLANG_WARN_UNREACHABLE_CODE = YES;
				CLANG_WARN__DUPLICATE_METHOD_MATCH = YES;
				COPY_PHASE_STRIP = NO;
				DEBUG_INFORMATION_FORMAT = "dwarf-with-dsym";
				ENABLE_NS_ASSERTIONS = NO;
				ENABLE_STRICT_OBJC_MSGSEND = YES;
				GCC_C_LANGUAGE_STANDARD = gnu11;
				GCC_NO_COMMON_BLOCKS = YES;
				GCC_WARN_64_TO_32_BIT_CONVERSION = YES;
				GCC_WARN_ABOUT_RETURN_TYPE = YES_ERROR;
				GCC_WARN_UNDECLARED_SELECTOR = YES;
				GCC_WARN_UNINITIALIZED_AUTOS = YES_AGGRESSIVE;
				GCC_WARN_UNUSED_FUNCTION = YES;
				GCC_WARN_UNUSED_VARIABLE = YES;
				IPHONEOS_DEPLOYMENT_TARGET = 14.5;
				MTL_ENABLE_DEBUG_INFO = NO;
				MTL_FAST_MATH = YES;
				SDKROOT = iphoneos;
				SWIFT_COMPILATION_MODE = wholemodule;
				SWIFT_OPTIMIZATION_LEVEL = "-O";
				VALIDATE_PRODUCT = YES;
			};
			name = Release;
		};
		BD5B3523264FA67C006BA829 /* Debug */ = {
			isa = XCBuildConfiguration;
			baseConfigurationReference = EDD9106862F850D8EFB89FD5 /* Pods-Be-Daangn-iOS.debug.xcconfig */;
			buildSettings = {
				ASSETCATALOG_COMPILER_APPICON_NAME = AppIcon;
				ASSETCATALOG_COMPILER_GLOBAL_ACCENT_COLOR_NAME = AccentColor;
				CODE_SIGN_STYLE = Automatic;
				DEVELOPMENT_TEAM = W895YM7ZMH;
				INFOPLIST_FILE = "Be-Daangn-iOS/Info.plist";
				IPHONEOS_DEPLOYMENT_TARGET = 13.0;
				LD_RUNPATH_SEARCH_PATHS = (
					"$(inherited)",
					"@executable_path/Frameworks",
				);
				PRODUCT_BUNDLE_IDENTIFIER = "dev.taekki.ios.Be-Daangn-iOS";
				PRODUCT_NAME = "$(TARGET_NAME)";
				SWIFT_VERSION = 5.0;
				TARGETED_DEVICE_FAMILY = 1;
			};
			name = Debug;
		};
		BD5B3524264FA67C006BA829 /* Release */ = {
			isa = XCBuildConfiguration;
			baseConfigurationReference = ADC8376A8087CF3F0A40939D /* Pods-Be-Daangn-iOS.release.xcconfig */;
			buildSettings = {
				ASSETCATALOG_COMPILER_APPICON_NAME = AppIcon;
				ASSETCATALOG_COMPILER_GLOBAL_ACCENT_COLOR_NAME = AccentColor;
				CODE_SIGN_STYLE = Automatic;
				DEVELOPMENT_TEAM = W895YM7ZMH;
				INFOPLIST_FILE = "Be-Daangn-iOS/Info.plist";
				IPHONEOS_DEPLOYMENT_TARGET = 13.0;
				LD_RUNPATH_SEARCH_PATHS = (
					"$(inherited)",
					"@executable_path/Frameworks",
				);
				PRODUCT_BUNDLE_IDENTIFIER = "dev.taekki.ios.Be-Daangn-iOS";
				PRODUCT_NAME = "$(TARGET_NAME)";
				SWIFT_VERSION = 5.0;
				TARGETED_DEVICE_FAMILY = 1;
			};
			name = Release;
		};
/* End XCBuildConfiguration section */

/* Begin XCConfigurationList section */
		BD5B3509264FA67B006BA829 /* Build configuration list for PBXProject "Be-Daangn-iOS" */ = {
			isa = XCConfigurationList;
			buildConfigurations = (
				BD5B3520264FA67C006BA829 /* Debug */,
				BD5B3521264FA67C006BA829 /* Release */,
			);
			defaultConfigurationIsVisible = 0;
			defaultConfigurationName = Release;
		};
		BD5B3522264FA67C006BA829 /* Build configuration list for PBXNativeTarget "Be-Daangn-iOS" */ = {
			isa = XCConfigurationList;
			buildConfigurations = (
				BD5B3523264FA67C006BA829 /* Debug */,
				BD5B3524264FA67C006BA829 /* Release */,
			);
			defaultConfigurationIsVisible = 0;
			defaultConfigurationName = Release;
		};
/* End XCConfigurationList section */
	};
	rootObject = BD5B3506264FA67B006BA829 /* Project object */;
}
